
Microsoft Visual Studio Solution File, Format Version 12.00
# Visual Studio Version 17
VisualStudioVersion = 17.3.32819.101
MinimumVisualStudioVersion = 10.0.40219.1
Project("{FAE04EC0-301F-11D3-BF4B-00C04F79EFBC}") = "04.Tourist Shop", "..\..\PB Retake Exam 2-3 May 2019\04.Tourist Shop\04.Tourist Shop.csproj", "{6AC7EE15-F1BE-485D-B0B6-0ED658D63905}"
EndProject
Global
	GlobalSection(SolutionConfigurationPlatforms) = preSolution
		Debug|Any CPU = Debug|Any CPU
		Release|Any CPU = Release|Any CPU
	EndGlobalSection
	GlobalSection(ProjectConfigurationPlatforms) = postSolution
		{6AC7EE15-F1BE-485D-B0B6-0ED658D63905}.Debug|Any CPU.ActiveCfg = Debug|Any CPU
		{6AC7EE15-F1BE-485D-B0B6-0ED658D63905}.Debug|Any CPU.Build.0 = Debug|Any CPU
		{6AC7EE15-F1BE-485D-B0B6-0ED658D63905}.Release|Any CPU.ActiveCfg = Release|Any CPU
		{6AC7EE15-F1BE-485D-B0B6-0ED658D63905}.Release|Any CPU.Build.0 = Release|Any CPU
	EndGlobalSection
	GlobalSection(SolutionProperties) = preSolution
		HideSolutionNode = FALSE
	EndGlobalSection
	GlobalSection(ExtensibilityGlobals) = postSolution
		SolutionGuid = {3DF7A088-A992-45E9-9E85-A1E33CC57DB3}
	EndGlobalSection
EndGlobal
