
Microsoft Visual Studio Solution File, Format Version 12.00
# Visual Studio Version 17
VisualStudioVersion = 17.3.32819.101
MinimumVisualStudioVersion = 10.0.40219.1
Project("{9A19103F-16F7-4668-BE54-9A1E7A4F7556}") = "08.On Time for the Exam", "08.On Time for the Exam.csproj", "{6091AA57-AB78-470D-B472-44596A7B693B}"
EndProject
Project("{FAE04EC0-301F-11D3-BF4B-00C04F79EFBC}") = "09.Ski Trip", "..\09.Ski Trip\09.Ski Trip.csproj", "{C2902706-6601-4EEA-9C9D-EBB331389556}"
EndProject
Global
	GlobalSection(SolutionConfigurationPlatforms) = preSolution
		Debug|Any CPU = Debug|Any CPU
		Release|Any CPU = Release|Any CPU
	EndGlobalSection
	GlobalSection(ProjectConfigurationPlatforms) = postSolution
		{6091AA57-AB78-470D-B472-44596A7B693B}.Debug|Any CPU.ActiveCfg = Debug|Any CPU
		{6091AA57-AB78-470D-B472-44596A7B693B}.Debug|Any CPU.Build.0 = Debug|Any CPU
		{6091AA57-AB78-470D-B472-44596A7B693B}.Release|Any CPU.ActiveCfg = Release|Any CPU
		{6091AA57-AB78-470D-B472-44596A7B693B}.Release|Any CPU.Build.0 = Release|Any CPU
		{C2902706-6601-4EEA-9C9D-EBB331389556}.Debug|Any CPU.ActiveCfg = Debug|Any CPU
		{C2902706-6601-4EEA-9C9D-EBB331389556}.Debug|Any CPU.Build.0 = Debug|Any CPU
		{C2902706-6601-4EEA-9C9D-EBB331389556}.Release|Any CPU.ActiveCfg = Release|Any CPU
		{C2902706-6601-4EEA-9C9D-EBB331389556}.Release|Any CPU.Build.0 = Release|Any CPU
	EndGlobalSection
	GlobalSection(SolutionProperties) = preSolution
		HideSolutionNode = FALSE
	EndGlobalSection
	GlobalSection(ExtensibilityGlobals) = postSolution
		SolutionGuid = {5935CB75-3FE2-48B0-A5BC-D1A75E13E982}
	EndGlobalSection
EndGlobal
