
Microsoft Visual Studio Solution File, Format Version 12.00
# Visual Studio Version 17
VisualStudioVersion = 17.3.32819.101
MinimumVisualStudioVersion = 10.0.40219.1
Project("{9A19103F-16F7-4668-BE54-9A1E7A4F7556}") = "Exam3", "Exam3.csproj", "{ADE1FC99-B9A7-444B-A33A-3D9366E7BC08}"
EndProject
Global
	GlobalSection(SolutionConfigurationPlatforms) = preSolution
		Debug|Any CPU = Debug|Any CPU
		Release|Any CPU = Release|Any CPU
	EndGlobalSection
	GlobalSection(ProjectConfigurationPlatforms) = postSolution
		{ADE1FC99-B9A7-444B-A33A-3D9366E7BC08}.Debug|Any CPU.ActiveCfg = Debug|Any CPU
		{ADE1FC99-B9A7-444B-A33A-3D9366E7BC08}.Debug|Any CPU.Build.0 = Debug|Any CPU
		{ADE1FC99-B9A7-444B-A33A-3D9366E7BC08}.Release|Any CPU.ActiveCfg = Release|Any CPU
		{ADE1FC99-B9A7-444B-A33A-3D9366E7BC08}.Release|Any CPU.Build.0 = Release|Any CPU
	EndGlobalSection
	GlobalSection(SolutionProperties) = preSolution
		HideSolutionNode = FALSE
	EndGlobalSection
	GlobalSection(ExtensibilityGlobals) = postSolution
		SolutionGuid = {E77D5B31-76C8-4064-A21F-336F2711454A}
	EndGlobalSection
EndGlobal
