
Microsoft Visual Studio Solution File, Format Version 12.00
# Visual Studio Version 17
VisualStudioVersion = 17.3.32819.101
MinimumVisualStudioVersion = 10.0.40219.1
Project("{9A19103F-16F7-4668-BE54-9A1E7A4F7556}") = "10.Odd Even Sum", "10.Odd Even Sum.csproj", "{D6D39C24-0BA8-4DBB-8D5B-49FD8B027FBC}"
EndProject
Global
	GlobalSection(SolutionConfigurationPlatforms) = preSolution
		Debug|Any CPU = Debug|Any CPU
		Release|Any CPU = Release|Any CPU
	EndGlobalSection
	GlobalSection(ProjectConfigurationPlatforms) = postSolution
		{D6D39C24-0BA8-4DBB-8D5B-49FD8B027FBC}.Debug|Any CPU.ActiveCfg = Debug|Any CPU
		{D6D39C24-0BA8-4DBB-8D5B-49FD8B027FBC}.Debug|Any CPU.Build.0 = Debug|Any CPU
		{D6D39C24-0BA8-4DBB-8D5B-49FD8B027FBC}.Release|Any CPU.ActiveCfg = Release|Any CPU
		{D6D39C24-0BA8-4DBB-8D5B-49FD8B027FBC}.Release|Any CPU.Build.0 = Release|Any CPU
	EndGlobalSection
	GlobalSection(SolutionProperties) = preSolution
		HideSolutionNode = FALSE
	EndGlobalSection
	GlobalSection(ExtensibilityGlobals) = postSolution
		SolutionGuid = {B8221DB2-B141-4565-A118-734B2B5A0011}
	EndGlobalSection
EndGlobal
