
Microsoft Visual Studio Solution File, Format Version 12.00
# Visual Studio Version 17
VisualStudioVersion = 17.3.32819.101
MinimumVisualStudioVersion = 10.0.40219.1
Project("{9A19103F-16F7-4668-BE54-9A1E7A4F7556}") = "01.Back To The Past", "01.Back To The Past.csproj", "{81C9C0DE-4745-4703-831C-F37A1905F886}"
EndProject
Project("{FAE04EC0-301F-11D3-BF4B-00C04F79EFBC}") = "02.Hospital", "..\02.Hospital\02.Hospital.csproj", "{C082C527-C7C4-41BD-8AD7-03BB6A052147}"
EndProject
Global
	GlobalSection(SolutionConfigurationPlatforms) = preSolution
		Debug|Any CPU = Debug|Any CPU
		Release|Any CPU = Release|Any CPU
	EndGlobalSection
	GlobalSection(ProjectConfigurationPlatforms) = postSolution
		{81C9C0DE-4745-4703-831C-F37A1905F886}.Debug|Any CPU.ActiveCfg = Debug|Any CPU
		{81C9C0DE-4745-4703-831C-F37A1905F886}.Debug|Any CPU.Build.0 = Debug|Any CPU
		{81C9C0DE-4745-4703-831C-F37A1905F886}.Release|Any CPU.ActiveCfg = Release|Any CPU
		{81C9C0DE-4745-4703-831C-F37A1905F886}.Release|Any CPU.Build.0 = Release|Any CPU
		{C082C527-C7C4-41BD-8AD7-03BB6A052147}.Debug|Any CPU.ActiveCfg = Debug|Any CPU
		{C082C527-C7C4-41BD-8AD7-03BB6A052147}.Debug|Any CPU.Build.0 = Debug|Any CPU
		{C082C527-C7C4-41BD-8AD7-03BB6A052147}.Release|Any CPU.ActiveCfg = Release|Any CPU
		{C082C527-C7C4-41BD-8AD7-03BB6A052147}.Release|Any CPU.Build.0 = Release|Any CPU
	EndGlobalSection
	GlobalSection(SolutionProperties) = preSolution
		HideSolutionNode = FALSE
	EndGlobalSection
	GlobalSection(ExtensibilityGlobals) = postSolution
		SolutionGuid = {84D9AB88-4FCE-4341-902B-75A5BCC359DF}
	EndGlobalSection
EndGlobal
