
Microsoft Visual Studio Solution File, Format Version 12.00
# Visual Studio Version 17
VisualStudioVersion = 17.3.32819.101
MinimumVisualStudioVersion = 10.0.40219.1
Project("{FAE04EC0-301F-11D3-BF4B-00C04F79EFBC}") = "1.PB Exam 6-7 July 2019", "1.PB Exam 6-7 July 2019.csproj", "{59C338DC-7392-47D9-BA26-F5053D9BD4D9}"
EndProject
Project("{FAE04EC0-301F-11D3-BF4B-00C04F79EFBC}") = "2.PB Exam 6-7 July 2019", "..\2.PB Exam 6-7 July 2019\2.PB Exam 6-7 July 2019.csproj", "{8EE921A3-3234-435D-99C2-5D12C3C23F28}"
EndProject
Global
	GlobalSection(SolutionConfigurationPlatforms) = preSolution
		Debug|Any CPU = Debug|Any CPU
		Release|Any CPU = Release|Any CPU
	EndGlobalSection
	GlobalSection(ProjectConfigurationPlatforms) = postSolution
		{59C338DC-7392-47D9-BA26-F5053D9BD4D9}.Debug|Any CPU.ActiveCfg = Debug|Any CPU
		{59C338DC-7392-47D9-BA26-F5053D9BD4D9}.Debug|Any CPU.Build.0 = Debug|Any CPU
		{59C338DC-7392-47D9-BA26-F5053D9BD4D9}.Release|Any CPU.ActiveCfg = Release|Any CPU
		{59C338DC-7392-47D9-BA26-F5053D9BD4D9}.Release|Any CPU.Build.0 = Release|Any CPU
		{8EE921A3-3234-435D-99C2-5D12C3C23F28}.Debug|Any CPU.ActiveCfg = Debug|Any CPU
		{8EE921A3-3234-435D-99C2-5D12C3C23F28}.Debug|Any CPU.Build.0 = Debug|Any CPU
		{8EE921A3-3234-435D-99C2-5D12C3C23F28}.Release|Any CPU.ActiveCfg = Release|Any CPU
		{8EE921A3-3234-435D-99C2-5D12C3C23F28}.Release|Any CPU.Build.0 = Release|Any CPU
	EndGlobalSection
	GlobalSection(SolutionProperties) = preSolution
		HideSolutionNode = FALSE
	EndGlobalSection
	GlobalSection(ExtensibilityGlobals) = postSolution
		SolutionGuid = {EDA5140A-26F7-4984-A492-62F97BB99465}
	EndGlobalSection
EndGlobal
