
Microsoft Visual Studio Solution File, Format Version 12.00
# Visual Studio Version 17
VisualStudioVersion = 17.3.32819.101
MinimumVisualStudioVersion = 10.0.40219.1
Project("{9A19103F-16F7-4668-BE54-9A1E7A4F7556}") = "03.Sum Numbers", "03.Sum Numbers.csproj", "{5CF986E4-22B6-4342-9636-D0D0B3220DA1}"
EndProject
Project("{9A19103F-16F7-4668-BE54-9A1E7A4F7556}") = "06.Max Number", "..\06.Max Number\06.Max Number.csproj", "{88BAECDE-04B7-4D0C-9612-BE653B85BD88}"
EndProject
Project("{9A19103F-16F7-4668-BE54-9A1E7A4F7556}") = "05.Account Balance", "..\05.Account Balance\05.Account Balance.csproj", "{7BDF33F8-D659-471C-91F9-B2BFFE7242F7}"
EndProject
Global
	GlobalSection(SolutionConfigurationPlatforms) = preSolution
		Debug|Any CPU = Debug|Any CPU
		Release|Any CPU = Release|Any CPU
	EndGlobalSection
	GlobalSection(ProjectConfigurationPlatforms) = postSolution
		{5CF986E4-22B6-4342-9636-D0D0B3220DA1}.Debug|Any CPU.ActiveCfg = Debug|Any CPU
		{5CF986E4-22B6-4342-9636-D0D0B3220DA1}.Debug|Any CPU.Build.0 = Debug|Any CPU
		{5CF986E4-22B6-4342-9636-D0D0B3220DA1}.Release|Any CPU.ActiveCfg = Release|Any CPU
		{5CF986E4-22B6-4342-9636-D0D0B3220DA1}.Release|Any CPU.Build.0 = Release|Any CPU
		{88BAECDE-04B7-4D0C-9612-BE653B85BD88}.Debug|Any CPU.ActiveCfg = Debug|Any CPU
		{88BAECDE-04B7-4D0C-9612-BE653B85BD88}.Debug|Any CPU.Build.0 = Debug|Any CPU
		{88BAECDE-04B7-4D0C-9612-BE653B85BD88}.Release|Any CPU.ActiveCfg = Release|Any CPU
		{88BAECDE-04B7-4D0C-9612-BE653B85BD88}.Release|Any CPU.Build.0 = Release|Any CPU
		{7BDF33F8-D659-471C-91F9-B2BFFE7242F7}.Debug|Any CPU.ActiveCfg = Debug|Any CPU
		{7BDF33F8-D659-471C-91F9-B2BFFE7242F7}.Debug|Any CPU.Build.0 = Debug|Any CPU
		{7BDF33F8-D659-471C-91F9-B2BFFE7242F7}.Release|Any CPU.ActiveCfg = Release|Any CPU
		{7BDF33F8-D659-471C-91F9-B2BFFE7242F7}.Release|Any CPU.Build.0 = Release|Any CPU
	EndGlobalSection
	GlobalSection(SolutionProperties) = preSolution
		HideSolutionNode = FALSE
	EndGlobalSection
	GlobalSection(ExtensibilityGlobals) = postSolution
		SolutionGuid = {B5684877-0767-4F09-858A-9935881D83E8}
	EndGlobalSection
EndGlobal
