
Microsoft Visual Studio Solution File, Format Version 12.00
# Visual Studio Version 17
VisualStudioVersion = 17.3.32819.101
MinimumVisualStudioVersion = 10.0.40219.1
Project("{FAE04EC0-301F-11D3-BF4B-00C04F79EFBC}") = "01.Cinema", "01.Cinema.csproj", "{5A7033F4-52BF-4ED4-852D-87D51673EA9A}"
EndProject
Project("{FAE04EC0-301F-11D3-BF4B-00C04F79EFBC}") = "02.Summer Outfit", "..\02.Summer Outfit\02.Summer Outfit.csproj", "{DD929AB1-2A56-4B18-AA9A-3CF5865A82A8}"
EndProject
Global
	GlobalSection(SolutionConfigurationPlatforms) = preSolution
		Debug|Any CPU = Debug|Any CPU
		Release|Any CPU = Release|Any CPU
	EndGlobalSection
	GlobalSection(ProjectConfigurationPlatforms) = postSolution
		{5A7033F4-52BF-4ED4-852D-87D51673EA9A}.Debug|Any CPU.ActiveCfg = Debug|Any CPU
		{5A7033F4-52BF-4ED4-852D-87D51673EA9A}.Debug|Any CPU.Build.0 = Debug|Any CPU
		{5A7033F4-52BF-4ED4-852D-87D51673EA9A}.Release|Any CPU.ActiveCfg = Release|Any CPU
		{5A7033F4-52BF-4ED4-852D-87D51673EA9A}.Release|Any CPU.Build.0 = Release|Any CPU
		{DD929AB1-2A56-4B18-AA9A-3CF5865A82A8}.Debug|Any CPU.ActiveCfg = Debug|Any CPU
		{DD929AB1-2A56-4B18-AA9A-3CF5865A82A8}.Debug|Any CPU.Build.0 = Debug|Any CPU
		{DD929AB1-2A56-4B18-AA9A-3CF5865A82A8}.Release|Any CPU.ActiveCfg = Release|Any CPU
		{DD929AB1-2A56-4B18-AA9A-3CF5865A82A8}.Release|Any CPU.Build.0 = Release|Any CPU
	EndGlobalSection
	GlobalSection(SolutionProperties) = preSolution
		HideSolutionNode = FALSE
	EndGlobalSection
	GlobalSection(ExtensibilityGlobals) = postSolution
		SolutionGuid = {EA787F20-1B10-4AC7-8AAF-A71AB55C758F}
	EndGlobalSection
EndGlobal
