
Microsoft Visual Studio Solution File, Format Version 12.00
# Visual Studio Version 17
VisualStudioVersion = 17.3.32819.101
MinimumVisualStudioVersion = 10.0.40219.1
Project("{9A19103F-16F7-4668-BE54-9A1E7A4F7556}") = "02.Multiplication Table", "02.Multiplication Table.csproj", "{71A014E3-32CD-432B-AB3F-1C1048725E51}"
EndProject
Global
	GlobalSection(SolutionConfigurationPlatforms) = preSolution
		Debug|Any CPU = Debug|Any CPU
		Release|Any CPU = Release|Any CPU
	EndGlobalSection
	GlobalSection(ProjectConfigurationPlatforms) = postSolution
		{71A014E3-32CD-432B-AB3F-1C1048725E51}.Debug|Any CPU.ActiveCfg = Debug|Any CPU
		{71A014E3-32CD-432B-AB3F-1C1048725E51}.Debug|Any CPU.Build.0 = Debug|Any CPU
		{71A014E3-32CD-432B-AB3F-1C1048725E51}.Release|Any CPU.ActiveCfg = Release|Any CPU
		{71A014E3-32CD-432B-AB3F-1C1048725E51}.Release|Any CPU.Build.0 = Release|Any CPU
	EndGlobalSection
	GlobalSection(SolutionProperties) = preSolution
		HideSolutionNode = FALSE
	EndGlobalSection
	GlobalSection(ExtensibilityGlobals) = postSolution
		SolutionGuid = {59820EA1-02ED-469E-8EAF-B38CD6809C7A}
	EndGlobalSection
EndGlobal
