
Microsoft Visual Studio Solution File, Format Version 12.00
# Visual Studio Version 17
VisualStudioVersion = 17.3.32819.101
MinimumVisualStudioVersion = 10.0.40219.1
Project("{9A19103F-16F7-4668-BE54-9A1E7A4F7556}") = "04.PB Exam 6-7 April 2019", "04.PB Exam 6-7 April 2019.csproj", "{79D89A3A-B8D3-4C00-B2A8-4B812AB7E15C}"
EndProject
Project("{FAE04EC0-301F-11D3-BF4B-00C04F79EFBC}") = "05.Movie Ratings", "..\05.Movie Ratings\05.Movie Ratings.csproj", "{09C160F8-FBFE-43DF-8FEB-C71049CED8B0}"
EndProject
Global
	GlobalSection(SolutionConfigurationPlatforms) = preSolution
		Debug|Any CPU = Debug|Any CPU
		Release|Any CPU = Release|Any CPU
	EndGlobalSection
	GlobalSection(ProjectConfigurationPlatforms) = postSolution
		{79D89A3A-B8D3-4C00-B2A8-4B812AB7E15C}.Debug|Any CPU.ActiveCfg = Debug|Any CPU
		{79D89A3A-B8D3-4C00-B2A8-4B812AB7E15C}.Debug|Any CPU.Build.0 = Debug|Any CPU
		{79D89A3A-B8D3-4C00-B2A8-4B812AB7E15C}.Release|Any CPU.ActiveCfg = Release|Any CPU
		{79D89A3A-B8D3-4C00-B2A8-4B812AB7E15C}.Release|Any CPU.Build.0 = Release|Any CPU
		{09C160F8-FBFE-43DF-8FEB-C71049CED8B0}.Debug|Any CPU.ActiveCfg = Debug|Any CPU
		{09C160F8-FBFE-43DF-8FEB-C71049CED8B0}.Debug|Any CPU.Build.0 = Debug|Any CPU
		{09C160F8-FBFE-43DF-8FEB-C71049CED8B0}.Release|Any CPU.ActiveCfg = Release|Any CPU
		{09C160F8-FBFE-43DF-8FEB-C71049CED8B0}.Release|Any CPU.Build.0 = Release|Any CPU
	EndGlobalSection
	GlobalSection(SolutionProperties) = preSolution
		HideSolutionNode = FALSE
	EndGlobalSection
	GlobalSection(ExtensibilityGlobals) = postSolution
		SolutionGuid = {8F81C462-A43B-480C-BAA2-3BDCBD09346C}
	EndGlobalSection
EndGlobal
