
Microsoft Visual Studio Solution File, Format Version 12.00
# Visual Studio Version 17
VisualStudioVersion = 17.3.32819.101
MinimumVisualStudioVersion = 10.0.40219.1
Project("{FAE04EC0-301F-11D3-BF4B-00C04F79EFBC}") = "01.Fruit Market", "01.Fruit Market.csproj", "{165E89BE-CE0B-4010-9B70-24EE9FD7D1E3}"
EndProject
Project("{FAE04EC0-301F-11D3-BF4B-00C04F79EFBC}") = "02.Safari", "..\02.Safari\02.Safari.csproj", "{4CA1D8C5-C1E7-4408-BCAC-BAE609C2E6AF}"
EndProject
Project("{FAE04EC0-301F-11D3-BF4B-00C04F79EFBC}") = "03.Mobile operator", "..\03.Mobile operator\03.Mobile operator.csproj", "{AB288A8D-7C55-4E11-BD53-B74AE7294CAF}"
EndProject
Global
	GlobalSection(SolutionConfigurationPlatforms) = preSolution
		Debug|Any CPU = Debug|Any CPU
		Release|Any CPU = Release|Any CPU
	EndGlobalSection
	GlobalSection(ProjectConfigurationPlatforms) = postSolution
		{165E89BE-CE0B-4010-9B70-24EE9FD7D1E3}.Debug|Any CPU.ActiveCfg = Debug|Any CPU
		{165E89BE-CE0B-4010-9B70-24EE9FD7D1E3}.Debug|Any CPU.Build.0 = Debug|Any CPU
		{165E89BE-CE0B-4010-9B70-24EE9FD7D1E3}.Release|Any CPU.ActiveCfg = Release|Any CPU
		{165E89BE-CE0B-4010-9B70-24EE9FD7D1E3}.Release|Any CPU.Build.0 = Release|Any CPU
		{4CA1D8C5-C1E7-4408-BCAC-BAE609C2E6AF}.Debug|Any CPU.ActiveCfg = Debug|Any CPU
		{4CA1D8C5-C1E7-4408-BCAC-BAE609C2E6AF}.Debug|Any CPU.Build.0 = Debug|Any CPU
		{4CA1D8C5-C1E7-4408-BCAC-BAE609C2E6AF}.Release|Any CPU.ActiveCfg = Release|Any CPU
		{4CA1D8C5-C1E7-4408-BCAC-BAE609C2E6AF}.Release|Any CPU.Build.0 = Release|Any CPU
		{AB288A8D-7C55-4E11-BD53-B74AE7294CAF}.Debug|Any CPU.ActiveCfg = Debug|Any CPU
		{AB288A8D-7C55-4E11-BD53-B74AE7294CAF}.Debug|Any CPU.Build.0 = Debug|Any CPU
		{AB288A8D-7C55-4E11-BD53-B74AE7294CAF}.Release|Any CPU.ActiveCfg = Release|Any CPU
		{AB288A8D-7C55-4E11-BD53-B74AE7294CAF}.Release|Any CPU.Build.0 = Release|Any CPU
	EndGlobalSection
	GlobalSection(SolutionProperties) = preSolution
		HideSolutionNode = FALSE
	EndGlobalSection
	GlobalSection(ExtensibilityGlobals) = postSolution
		SolutionGuid = {2FD382D1-58DD-413C-A5BC-D7461F276864}
	EndGlobalSection
EndGlobal
