
Microsoft Visual Studio Solution File, Format Version 12.00
# Visual Studio Version 17
VisualStudioVersion = 17.3.32819.101
MinimumVisualStudioVersion = 10.0.40219.1
Project("{FAE04EC0-301F-11D3-BF4B-00C04F79EFBC}") = "06.PB Exam 6-7 April 2019", "06.PB Exam 6-7 April 2019.csproj", "{AC4966A3-7DBA-4008-92DF-845A56695E97}"
EndProject
Global
	GlobalSection(SolutionConfigurationPlatforms) = preSolution
		Debug|Any CPU = Debug|Any CPU
		Release|Any CPU = Release|Any CPU
	EndGlobalSection
	GlobalSection(ProjectConfigurationPlatforms) = postSolution
		{AC4966A3-7DBA-4008-92DF-845A56695E97}.Debug|Any CPU.ActiveCfg = Debug|Any CPU
		{AC4966A3-7DBA-4008-92DF-845A56695E97}.Debug|Any CPU.Build.0 = Debug|Any CPU
		{AC4966A3-7DBA-4008-92DF-845A56695E97}.Release|Any CPU.ActiveCfg = Release|Any CPU
		{AC4966A3-7DBA-4008-92DF-845A56695E97}.Release|Any CPU.Build.0 = Release|Any CPU
	EndGlobalSection
	GlobalSection(SolutionProperties) = preSolution
		HideSolutionNode = FALSE
	EndGlobalSection
	GlobalSection(ExtensibilityGlobals) = postSolution
		SolutionGuid = {C5094566-31A3-45EF-A27E-74EA1636CA8F}
	EndGlobalSection
EndGlobal
