
Microsoft Visual Studio Solution File, Format Version 12.00
# Visual Studio Version 17
VisualStudioVersion = 17.3.32819.101
MinimumVisualStudioVersion = 10.0.40219.1
Project("{9A19103F-16F7-4668-BE54-9A1E7A4F7556}") = "04.Grades", "..\..\More Exercises\04.Grades\04.Grades.csproj", "{DDA36176-52A3-4851-86C4-434DA4F37383}"
EndProject
Project("{9A19103F-16F7-4668-BE54-9A1E7A4F7556}") = "03.Logistics", "..\..\More Exercises\03.Logistics\03.Logistics.csproj", "{EC23D76F-C02C-456B-A880-20F575E648FA}"
EndProject
Global
	GlobalSection(SolutionConfigurationPlatforms) = preSolution
		Debug|Any CPU = Debug|Any CPU
		Release|Any CPU = Release|Any CPU
	EndGlobalSection
	GlobalSection(ProjectConfigurationPlatforms) = postSolution
		{DDA36176-52A3-4851-86C4-434DA4F37383}.Debug|Any CPU.ActiveCfg = Debug|Any CPU
		{DDA36176-52A3-4851-86C4-434DA4F37383}.Debug|Any CPU.Build.0 = Debug|Any CPU
		{DDA36176-52A3-4851-86C4-434DA4F37383}.Release|Any CPU.ActiveCfg = Release|Any CPU
		{DDA36176-52A3-4851-86C4-434DA4F37383}.Release|Any CPU.Build.0 = Release|Any CPU
		{EC23D76F-C02C-456B-A880-20F575E648FA}.Debug|Any CPU.ActiveCfg = Debug|Any CPU
		{EC23D76F-C02C-456B-A880-20F575E648FA}.Debug|Any CPU.Build.0 = Debug|Any CPU
		{EC23D76F-C02C-456B-A880-20F575E648FA}.Release|Any CPU.ActiveCfg = Release|Any CPU
		{EC23D76F-C02C-456B-A880-20F575E648FA}.Release|Any CPU.Build.0 = Release|Any CPU
	EndGlobalSection
	GlobalSection(SolutionProperties) = preSolution
		HideSolutionNode = FALSE
	EndGlobalSection
	GlobalSection(ExtensibilityGlobals) = postSolution
		SolutionGuid = {612EAFE0-8FDE-4179-A337-EE87E0BB04DF}
	EndGlobalSection
EndGlobal
