
Microsoft Visual Studio Solution File, Format Version 12.00
# Visual Studio Version 17
VisualStudioVersion = 17.3.32819.101
MinimumVisualStudioVersion = 10.0.40219.1
Project("{9A19103F-16F7-4668-BE54-9A1E7A4F7556}") = "03.Logistics", "03.Logistics.csproj", "{0DEDFBFF-8ED7-4354-B2AD-15F72FFFB8FF}"
EndProject
Project("{FAE04EC0-301F-11D3-BF4B-00C04F79EFBC}") = "04.Grades", "..\04.Grades\04.Grades.csproj", "{6F5C84D0-6557-4BD8-90BD-E33EEE615CB7}"
EndProject
Global
	GlobalSection(SolutionConfigurationPlatforms) = preSolution
		Debug|Any CPU = Debug|Any CPU
		Release|Any CPU = Release|Any CPU
	EndGlobalSection
	GlobalSection(ProjectConfigurationPlatforms) = postSolution
		{0DEDFBFF-8ED7-4354-B2AD-15F72FFFB8FF}.Debug|Any CPU.ActiveCfg = Debug|Any CPU
		{0DEDFBFF-8ED7-4354-B2AD-15F72FFFB8FF}.Debug|Any CPU.Build.0 = Debug|Any CPU
		{0DEDFBFF-8ED7-4354-B2AD-15F72FFFB8FF}.Release|Any CPU.ActiveCfg = Release|Any CPU
		{0DEDFBFF-8ED7-4354-B2AD-15F72FFFB8FF}.Release|Any CPU.Build.0 = Release|Any CPU
		{6F5C84D0-6557-4BD8-90BD-E33EEE615CB7}.Debug|Any CPU.ActiveCfg = Debug|Any CPU
		{6F5C84D0-6557-4BD8-90BD-E33EEE615CB7}.Debug|Any CPU.Build.0 = Debug|Any CPU
		{6F5C84D0-6557-4BD8-90BD-E33EEE615CB7}.Release|Any CPU.ActiveCfg = Release|Any CPU
		{6F5C84D0-6557-4BD8-90BD-E33EEE615CB7}.Release|Any CPU.Build.0 = Release|Any CPU
	EndGlobalSection
	GlobalSection(SolutionProperties) = preSolution
		HideSolutionNode = FALSE
	EndGlobalSection
	GlobalSection(ExtensibilityGlobals) = postSolution
		SolutionGuid = {304DDDE1-8008-4269-BE41-5EC3C74F9275}
	EndGlobalSection
EndGlobal
